
Microsoft Visual Studio Solution File, Format Version 12.00
# Visual Studio Version 17
VisualStudioVersion = 17.7.34221.43
MinimumVisualStudioVersion = 10.0.40219.1
Project("{9A19103F-16F7-4668-BE54-9A1E7A4F7556}") = "VetClinic.BL", "VetClinic.BL\VetClinic.BL.csproj", "{9F0FB786-2B25-4284-8EFD-4459ADEEC41C}"
EndProject
Project("{9A19103F-16F7-4668-BE54-9A1E7A4F7556}") = "VetClinic.DataAccess", "VetClinic.DataAccess\VetClinic.DataAccess.csproj", "{EBDD4359-2955-4F4A-A3C5-B12E5F5CA523}"
EndProject
Project("{9A19103F-16F7-4668-BE54-9A1E7A4F7556}") = "VetClinic.WebAPI", "VetClinic.WebAPI\VetClinic.WebAPI.csproj", "{8CFFC935-E2B7-4EBC-9508-DB0F859CC6FC}"
EndProject
Global
	GlobalSection(SolutionConfigurationPlatforms) = preSolution
		Debug|Any CPU = Debug|Any CPU
		Release|Any CPU = Release|Any CPU
	EndGlobalSection
	GlobalSection(ProjectConfigurationPlatforms) = postSolution
		{9F0FB786-2B25-4284-8EFD-4459ADEEC41C}.Debug|Any CPU.ActiveCfg = Debug|Any CPU
		{9F0FB786-2B25-4284-8EFD-4459ADEEC41C}.Debug|Any CPU.Build.0 = Debug|Any CPU
		{9F0FB786-2B25-4284-8EFD-4459ADEEC41C}.Release|Any CPU.ActiveCfg = Release|Any CPU
		{9F0FB786-2B25-4284-8EFD-4459ADEEC41C}.Release|Any CPU.Build.0 = Release|Any CPU
		{EBDD4359-2955-4F4A-A3C5-B12E5F5CA523}.Debug|Any CPU.ActiveCfg = Debug|Any CPU
		{EBDD4359-2955-4F4A-A3C5-B12E5F5CA523}.Debug|Any CPU.Build.0 = Debug|Any CPU
		{EBDD4359-2955-4F4A-A3C5-B12E5F5CA523}.Release|Any CPU.ActiveCfg = Release|Any CPU
		{EBDD4359-2955-4F4A-A3C5-B12E5F5CA523}.Release|Any CPU.Build.0 = Release|Any CPU
		{8CFFC935-E2B7-4EBC-9508-DB0F859CC6FC}.Debug|Any CPU.ActiveCfg = Debug|Any CPU
		{8CFFC935-E2B7-4EBC-9508-DB0F859CC6FC}.Debug|Any CPU.Build.0 = Debug|Any CPU
		{8CFFC935-E2B7-4EBC-9508-DB0F859CC6FC}.Release|Any CPU.ActiveCfg = Release|Any CPU
		{8CFFC935-E2B7-4EBC-9508-DB0F859CC6FC}.Release|Any CPU.Build.0 = Release|Any CPU
	EndGlobalSection
	GlobalSection(SolutionProperties) = preSolution
		HideSolutionNode = FALSE
	EndGlobalSection
	GlobalSection(ExtensibilityGlobals) = postSolution
		SolutionGuid = {B281B194-BD22-49A7-ADA2-A5F3C946E24C}
	EndGlobalSection
EndGlobal
