
Microsoft Visual Studio Solution File, Format Version 12.00
# Visual Studio Version 17
VisualStudioVersion = 17.7.34221.43
MinimumVisualStudioVersion = 10.0.40219.1
Project("{9A19103F-16F7-4668-BE54-9A1E7A4F7556}") = "Vet", "Vet\Vet.csproj", "{FF0F712F-61E9-4CFC-8141-F42846EF7ED8}"
EndProject
Project("{FAE04EC0-301F-11D3-BF4B-00C04F79EFBC}") = "Vet.DataAccess", "Vet.DataAccess\Vet.DataAccess.csproj", "{D6EAAF1A-3D5D-47DD-A643-6F21D6C79095}"
EndProject
Project("{FAE04EC0-301F-11D3-BF4B-00C04F79EFBC}") = "Vet.BL", "Vet.BL\Vet.BL.csproj", "{4F1BFD54-53F2-41E0-86AA-5224EF79E73F}"
EndProject
Global
	GlobalSection(SolutionConfigurationPlatforms) = preSolution
		Debug|Any CPU = Debug|Any CPU
		Release|Any CPU = Release|Any CPU
	EndGlobalSection
	GlobalSection(ProjectConfigurationPlatforms) = postSolution
		{FF0F712F-61E9-4CFC-8141-F42846EF7ED8}.Debug|Any CPU.ActiveCfg = Debug|Any CPU
		{FF0F712F-61E9-4CFC-8141-F42846EF7ED8}.Debug|Any CPU.Build.0 = Debug|Any CPU
		{FF0F712F-61E9-4CFC-8141-F42846EF7ED8}.Release|Any CPU.ActiveCfg = Release|Any CPU
		{FF0F712F-61E9-4CFC-8141-F42846EF7ED8}.Release|Any CPU.Build.0 = Release|Any CPU
		{D6EAAF1A-3D5D-47DD-A643-6F21D6C79095}.Debug|Any CPU.ActiveCfg = Debug|Any CPU
		{D6EAAF1A-3D5D-47DD-A643-6F21D6C79095}.Debug|Any CPU.Build.0 = Debug|Any CPU
		{D6EAAF1A-3D5D-47DD-A643-6F21D6C79095}.Release|Any CPU.ActiveCfg = Release|Any CPU
		{D6EAAF1A-3D5D-47DD-A643-6F21D6C79095}.Release|Any CPU.Build.0 = Release|Any CPU
		{4F1BFD54-53F2-41E0-86AA-5224EF79E73F}.Debug|Any CPU.ActiveCfg = Debug|Any CPU
		{4F1BFD54-53F2-41E0-86AA-5224EF79E73F}.Debug|Any CPU.Build.0 = Debug|Any CPU
		{4F1BFD54-53F2-41E0-86AA-5224EF79E73F}.Release|Any CPU.ActiveCfg = Release|Any CPU
		{4F1BFD54-53F2-41E0-86AA-5224EF79E73F}.Release|Any CPU.Build.0 = Release|Any CPU
	EndGlobalSection
	GlobalSection(SolutionProperties) = preSolution
		HideSolutionNode = FALSE
	EndGlobalSection
	GlobalSection(ExtensibilityGlobals) = postSolution
		SolutionGuid = {4D5D7A3C-F59D-43E1-8C1F-13ECA6F3839A}
	EndGlobalSection
EndGlobal
